
Microsoft Visual Studio Solution File, Format Version 12.00
# Visual Studio Version 17
VisualStudioVersion = 17.5.002.0
MinimumVisualStudioVersion = 10.0.40219.1
Project("{9A19103F-16F7-4668-BE54-9A1E7A4F7556}") = "DesafioPOO", "DesafioPOO.csproj", "{9D156690-4C07-4C34-9A2A-EB1E7760ACF0}"
EndProject
Global
	GlobalSection(SolutionConfigurationPlatforms) = preSolution
		Debug|Any CPU = Debug|Any CPU
		Release|Any CPU = Release|Any CPU
	EndGlobalSection
	GlobalSection(ProjectConfigurationPlatforms) = postSolution
		{9D156690-4C07-4C34-9A2A-EB1E7760ACF0}.Debug|Any CPU.ActiveCfg = Debug|Any CPU
		{9D156690-4C07-4C34-9A2A-EB1E7760ACF0}.Debug|Any CPU.Build.0 = Debug|Any CPU
		{9D156690-4C07-4C34-9A2A-EB1E7760ACF0}.Release|Any CPU.ActiveCfg = Release|Any CPU
		{9D156690-4C07-4C34-9A2A-EB1E7760ACF0}.Release|Any CPU.Build.0 = Release|Any CPU
	EndGlobalSection
	GlobalSection(SolutionProperties) = preSolution
		HideSolutionNode = FALSE
	EndGlobalSection
	GlobalSection(ExtensibilityGlobals) = postSolution
		SolutionGuid = {ACBA568A-34C0-4CE7-A9F7-CBD08D175926}
	EndGlobalSection
EndGlobal
